
Microsoft Visual Studio Solution File, Format Version 12.00
# Visual Studio Version 16
VisualStudioVersion = 16.0.31515.178
MinimumVisualStudioVersion = 10.0.40219.1
Project("{8BC9CEB8-8B4A-11D0-8D11-00A0C91BC942}") = "1", "1\1.vcxproj", "{25BC3CD7-5A23-4124-A4F4-32829D2AE4FC}"
EndProject
Project("{8BC9CEB8-8B4A-11D0-8D11-00A0C91BC942}") = "2", "2\2.vcxproj", "{2BF9F30D-241B-4D74-ADEB-08547C2420BB}"
EndProject
Global
	GlobalSection(SolutionConfigurationPlatforms) = preSolution
		Debug|x64 = Debug|x64
		Debug|x86 = Debug|x86
		Release|x64 = Release|x64
		Release|x86 = Release|x86
	EndGlobalSection
	GlobalSection(ProjectConfigurationPlatforms) = postSolution
		{25BC3CD7-5A23-4124-A4F4-32829D2AE4FC}.Debug|x64.ActiveCfg = Debug|x64
		{25BC3CD7-5A23-4124-A4F4-32829D2AE4FC}.Debug|x64.Build.0 = Debug|x64
		{25BC3CD7-5A23-4124-A4F4-32829D2AE4FC}.Debug|x86.ActiveCfg = Debug|Win32
		{25BC3CD7-5A23-4124-A4F4-32829D2AE4FC}.Debug|x86.Build.0 = Debug|Win32
		{25BC3CD7-5A23-4124-A4F4-32829D2AE4FC}.Release|x64.ActiveCfg = Release|x64
		{25BC3CD7-5A23-4124-A4F4-32829D2AE4FC}.Release|x64.Build.0 = Release|x64
		{25BC3CD7-5A23-4124-A4F4-32829D2AE4FC}.Release|x86.ActiveCfg = Release|Win32
		{25BC3CD7-5A23-4124-A4F4-32829D2AE4FC}.Release|x86.Build.0 = Release|Win32
		{2BF9F30D-241B-4D74-ADEB-08547C2420BB}.Debug|x64.ActiveCfg = Debug|x64
		{2BF9F30D-241B-4D74-ADEB-08547C2420BB}.Debug|x64.Build.0 = Debug|x64
		{2BF9F30D-241B-4D74-ADEB-08547C2420BB}.Debug|x86.ActiveCfg = Debug|Win32
		{2BF9F30D-241B-4D74-ADEB-08547C2420BB}.Debug|x86.Build.0 = Debug|Win32
		{2BF9F30D-241B-4D74-ADEB-08547C2420BB}.Release|x64.ActiveCfg = Release|x64
		{2BF9F30D-241B-4D74-ADEB-08547C2420BB}.Release|x64.Build.0 = Release|x64
		{2BF9F30D-241B-4D74-ADEB-08547C2420BB}.Release|x86.ActiveCfg = Release|Win32
		{2BF9F30D-241B-4D74-ADEB-08547C2420BB}.Release|x86.Build.0 = Release|Win32
	EndGlobalSection
	GlobalSection(SolutionProperties) = preSolution
		HideSolutionNode = FALSE
	EndGlobalSection
	GlobalSection(ExtensibilityGlobals) = postSolution
		SolutionGuid = {2B491E66-7945-4078-B261-B43B726AA9B2}
	EndGlobalSection
EndGlobal
